// !$*UTF8*$!
{
	archiveVersion = 1;
	classes = {
	};
	objectVersion = 46;
	objects = {

/* Begin PBXBuildFile section */
		CEEB3E5C1DFB25D0004A46EC /* AppDelegate.swift in Sources */ = {isa = PBXBuildFile; fileRef = CEEB3E5B1DFB25D0004A46EC /* AppDelegate.swift */; };
		CEEB3E5E1DFB25D0004A46EC /* ViewController.swift in Sources */ = {isa = PBXBuildFile; fileRef = CEEB3E5D1DFB25D0004A46EC /* ViewController.swift */; };
		CEEB3E611DFB25D0004A46EC /* Main.storyboard in Resources */ = {isa = PBXBuildFile; fileRef = CEEB3E5F1DFB25D0004A46EC /* Main.storyboard */; };
		CEEB3E631DFB25D0004A46EC /* Assets.xcassets in Resources */ = {isa = PBXBuildFile; fileRef = CEEB3E621DFB25D0004A46EC /* Assets.xcassets */; };
		CEEB3E661DFB25D0004A46EC /* LaunchScreen.storyboard in Resources */ = {isa = PBXBuildFile; fileRef = CEEB3E641DFB25D0004A46EC /* LaunchScreen.storyboard */; };
/* End PBXBuildFile section */

/* Begin PBXFileReference section */
		CEEB3E581DFB25D0004A46EC /* Myokashi.app */ = {isa = PBXFileReference; explicitFileType = wrapper.application; includeInIndex = 0; path = Myokashi.app; sourceTree = BUILT_PRODUCTS_DIR; };
		CEEB3E5B1DFB25D0004A46EC /* AppDelegate.swift */ = {isa = PBXFileReference; lastKnownFileType = sourcecode.swift; path = AppDelegate.swift; sourceTree = "<group>"; };
		CEEB3E5D1DFB25D0004A46EC /* ViewController.swift */ = {isa = PBXFileReference; lastKnownFileType = sourcecode.swift; path = ViewController.swift; sourceTree = "<group>"; };
		CEEB3E601DFB25D0004A46EC /* Base */ = {isa = PBXFileReference; lastKnownFileType = file.storyboard; name = Base; path = Base.lproj/Main.storyboard; sourceTree = "<group>"; };
		CEEB3E621DFB25D0004A46EC /* Assets.xcassets */ = {isa = PBXFileReference; lastKnownFileType = folder.assetcatalog; path = Assets.xcassets; sourceTree = "<group>"; };
		CEEB3E651DFB25D0004A46EC /* Base */ = {isa = PBXFileReference; lastKnownFileType = file.storyboard; name = Base; path = Base.lproj/LaunchScreen.storyboard; sourceTree = "<group>"; };
		CEEB3E671DFB25D0004A46EC /* Info.plist */ = {isa = PBXFileReference; lastKnownFileType = text.plist.xml; path = Info.plist; sourceTree = "<group>"; };
/* End PBXFileReference section */

/* Begin PBXFrameworksBuildPhase section */
		CEEB3E551DFB25D0004A46EC /* Frameworks */ = {
			isa = PBXFrameworksBuildPhase;
			buildActionMask = 2147483647;
			files = (
			);
			runOnlyForDeploymentPostprocessing = 0;
		};
/* End PBXFrameworksBuildPhase section */

/* Begin PBXGroup section */
		CEEB3E4F1DFB25D0004A46EC = {
			isa = PBXGroup;
			children = (
				CEEB3E5A1DFB25D0004A46EC /* Myokashi */,
				CEEB3E591DFB25D0004A46EC /* Products */,
			);
			sourceTree = "<group>";
		};
		CEEB3E591DFB25D0004A46EC /* Products */ = {
			isa = PBXGroup;
			children = (
				CEEB3E581DFB25D0004A46EC /* Myokashi.app */,
			);
			name = Products;
			sourceTree = "<group>";
		};
		CEEB3E5A1DFB25D0004A46EC /* Myokashi */ = {
			isa = PBXGroup;
			children = (
				CEEB3E5B1DFB25D0004A46EC /* AppDelegate.swift */,
				CEEB3E5D1DFB25D0004A46EC /* ViewController.swift */,
				CEEB3E5F1DFB25D0004A46EC /* Main.storyboard */,
				CEEB3E621DFB25D0004A46EC /* Assets.xcassets */,
				CEEB3E641DFB25D0004A46EC /* LaunchScreen.storyboard */,
				CEEB3E671DFB25D0004A46EC /* Info.plist */,
			);
			path = Myokashi;
			sourceTree = "<group>";
		};
/* End PBXGroup section */

/* Begin PBXNativeTarget section */
		CEEB3E571DFB25D0004A46EC /* Myokashi */ = {
			isa = PBXNativeTarget;
			buildConfigurationList = CEEB3E6A1DFB25D0004A46EC /* Build configuration list for PBXNativeTarget "Myokashi" */;
			buildPhases = (
				CEEB3E541DFB25D0004A46EC /* Sources */,
				CEEB3E551DFB25D0004A46EC /* Frameworks */,
				CEEB3E561DFB25D0004A46EC /* Resources */,
			);
			buildRules = (
			);
			dependencies = (
			);
			name = Myokashi;
			productName = Myokashi;
			productReference = CEEB3E581DFB25D0004A46EC /* Myokashi.app */;
			productType = "com.apple.product-type.application";
		};
/* End PBXNativeTarget section */

/* Begin PBXProject section */
		CEEB3E501DFB25D0004A46EC /* Project object */ = {
			isa = PBXProject;
			attributes = {
				LastSwiftUpdateCheck = 0810;
				LastUpgradeCheck = 0810;
				ORGANIZATIONNAME = USER;
				TargetAttributes = {
					CEEB3E571DFB25D0004A46EC = {
						CreatedOnToolsVersion = 8.1;
						DevelopmentTeam = 6Z8MT7296D;
						ProvisioningStyle = Automatic;
					};
				};
			};
			buildConfigurationList = CEEB3E531DFB25D0004A46EC /* Build configuration list for PBXProject "Myokashi" */;
			compatibilityVersion = "Xcode 3.2";
			developmentRegion = English;
			hasScannedForEncodings = 0;
			knownRegions = (
				en,
				Base,
			);
			mainGroup = CEEB3E4F1DFB25D0004A46EC;
			productRefGroup = CEEB3E591DFB25D0004A46EC /* Products */;
			projectDirPath = "";
			projectRoot = "";
			targets = (
				CEEB3E571DFB25D0004A46EC /* Myokashi */,
			);
		};
/* End PBXProject section */

/* Begin PBXResourcesBuildPhase section */
		CEEB3E561DFB25D0004A46EC /* Resources */ = {
			isa = PBXResourcesBuildPhase;
			buildActionMask = 2147483647;
			files = (
				CEEB3E661DFB25D0004A46EC /* LaunchScreen.storyboard in Resources */,
				CEEB3E631DFB25D0004A46EC /* Assets.xcassets in Resources */,
				CEEB3E611DFB25D0004A46EC /* Main.storyboard in Resources */,
			);
			runOnlyForDeploymentPostprocessing = 0;
		};
/* End PBXResourcesBuildPhase section */

/* Begin PBXSourcesBuildPhase section */
		CEEB3E541DFB25D0004A46EC /* Sources */ = {
			isa = PBXSourcesBuildPhase;
			buildActionMask = 2147483647;
			files = (
				CEEB3E5E1DFB25D0004A46EC /* ViewController.swift in Sources */,
				CEEB3E5C1DFB25D0004A46EC /* AppDelegate.swift in Sources */,
			);
			runOnlyForDeploymentPostprocessing = 0;
		};
/* End PBXSourcesBuildPhase section */

/* Begin PBXVariantGroup section */
		CEEB3E5F1DFB25D0004A46EC /* Main.storyboard */ = {
			isa = PBXVariantGroup;
			children = (
				CEEB3E601DFB25D0004A46EC /* Base */,
			);
			name = Main.storyboard;
			sourceTree = "<group>";
		};
		CEEB3E641DFB25D0004A46EC /* LaunchScreen.storyboard */ = {
			isa = PBXVariantGroup;
			children = (
				CEEB3E651DFB25D0004A46EC /* Base */,
			);
			name = LaunchScreen.storyboard;
			sourceTree = "<group>";
		};
/* End PBXVariantGroup section */

/* Begin XCBuildConfiguration section */
		CEEB3E681DFB25D0004A46EC /* Debug */ = {
			isa = XCBuildConfiguration;
			buildSettings = {
				ALWAYS_SEARCH_USER_PATHS = NO;
				CLANG_ANALYZER_NONNULL = YES;
				CLANG_CXX_LANGUAGE_STANDARD = "gnu++0x";
				CLANG_CXX_LIBRARY = "libc++";
				CLANG_ENABLE_MODULES = YES;
				CLANG_ENABLE_OBJC_ARC = YES;
				CLANG_WARN_BOOL_CONVERSION = YES;
				CLANG_WARN_CONSTANT_CONVERSION = YES;
				CLANG_WARN_DIRECT_OBJC_ISA_USAGE = YES_ERROR;
				CLANG_WARN_DOCUMENTATION_COMMENTS = YES;
				CLANG_WARN_EMPTY_BODY = YES;
				CLANG_WARN_ENUM_CONVERSION = YES;
				CLANG_WARN_INFINITE_RECURSION = YES;
				CLANG_WARN_INT_CONVERSION = YES;
				CLANG_WARN_OBJC_ROOT_CLASS = YES_ERROR;
				CLANG_WARN_SUSPICIOUS_MOVES = YES;
				CLANG_WARN_UNREACHABLE_CODE = YES;
				CLANG_WARN__DUPLICATE_METHOD_MATCH = YES;
				"CODE_SIGN_IDENTITY[sdk=iphoneos*]" = "iPhone Developer";
				COPY_PHASE_STRIP = NO;
				DEBUG_INFORMATION_FORMAT = dwarf;
				ENABLE_STRICT_OBJC_MSGSEND = YES;
				ENABLE_TESTABILITY = YES;
				GCC_C_LANGUAGE_STANDARD = gnu99;
				GCC_DYNAMIC_NO_PIC = NO;
				GCC_NO_COMMON_BLOCKS = YES;
				GCC_OPTIMIZATION_LEVEL = 0;
				GCC_PREPROCESSOR_DEFINITIONS = (
					"DEBUG=1",
					"$(inherited)",
				);
				GCC_WARN_64_TO_32_BIT_CONVERSION = YES;
				GCC_WARN_ABOUT_RETURN_TYPE = YES_ERROR;
				GCC_WARN_UNDECLARED_SELECTOR = YES;
				GCC_WARN_UNINITIALIZED_AUTOS = YES_AGGRESSIVE;
				GCC_WARN_UNUSED_FUNCTION = YES;
				GCC_WARN_UNUSED_VARIABLE = YES;
				IPHONEOS_DEPLOYMENT_TARGET = 10.1;
				MTL_ENABLE_DEBUG_INFO = YES;
				ONLY_ACTIVE_ARCH = YES;
				SDKROOT = iphoneos;
				SWIFT_ACTIVE_COMPILATION_CONDITIONS = DEBUG;
				SWIFT_OPTIMIZATION_LEVEL = "-Onone";
				TARGETED_DEVICE_FAMILY = "1,2";
			};
			name = Debug;
		};
		CEEB3E691DFB25D0004A46EC /* Release */ = {
			isa = XCBuildConfiguration;
			buildSettings = {
				ALWAYS_SEARCH_USER_PATHS = NO;
				CLANG_ANALYZER_NONNULL = YES;
				CLANG_CXX_LANGUAGE_STANDARD = "gnu++0x";
				CLANG_CXX_LIBRARY = "libc++";
				CLANG_ENABLE_MODULES = YES;
				CLANG_ENABLE_OBJC_ARC = YES;
				CLANG_WARN_BOOL_CONVERSION = YES;
				CLANG_WARN_CONSTANT_CONVERSION = YES;
				CLANG_WARN_DIRECT_OBJC_ISA_USAGE = YES_ERROR;
				CLANG_WARN_DOCUMENTATION_COMMENTS = YES;
				CLANG_WARN_EMPTY_BODY = YES;
				CLANG_WARN_ENUM_CONVERSION = YES;
				CLANG_WARN_INFINITE_RECURSION = YES;
				CLANG_WARN_INT_CONVERSION = YES;
				CLANG_WARN_OBJC_ROOT_CLASS = YES_ERROR;
				CLANG_WARN_SUSPICIOUS_MOVES = YES;
				CLANG_WARN_UNREACHABLE_CODE = YES;
				CLANG_WARN__DUPLICATE_METHOD_MATCH = YES;
				"CODE_SIGN_IDENTITY[sdk=iphoneos*]" = "iPhone Developer";
				COPY_PHASE_STRIP = NO;
				DEBUG_INFORMATION_FORMAT = "dwarf-with-dsym";
				ENABLE_NS_ASSERTIONS = NO;
				ENABLE_STRICT_OBJC_MSGSEND = YES;
				GCC_C_LANGUAGE_STANDARD = gnu99;
				GCC_NO_COMMON_BLOCKS = YES;
				GCC_WARN_64_TO_32_BIT_CONVERSION = YES;
				GCC_WARN_ABOUT_RETURN_TYPE = YES_ERROR;
				GCC_WARN_UNDECLARED_SELECTOR = YES;
				GCC_WARN_UNINITIALIZED_AUTOS = YES_AGGRESSIVE;
				GCC_WARN_UNUSED_FUNCTION = YES;
				GCC_WARN_UNUSED_VARIABLE = YES;
				IPHONEOS_DEPLOYMENT_TARGET = 10.1;
				MTL_ENABLE_DEBUG_INFO = NO;
				SDKROOT = iphoneos;
				SWIFT_OPTIMIZATION_LEVEL = "-Owholemodule";
				TARGETED_DEVICE_FAMILY = "1,2";
				VALIDATE_PRODUCT = YES;
			};
			name = Release;
		};
		CEEB3E6B1DFB25D0004A46EC /* Debug */ = {
			isa = XCBuildConfiguration;
			buildSettings = {
				ASSETCATALOG_COMPILER_APPICON_NAME = AppIcon;
				DEVELOPMENT_TEAM = 6Z8MT7296D;
				INFOPLIST_FILE = Myokashi/Info.plist;
				LD_RUNPATH_SEARCH_PATHS = "$(inherited) @executable_path/Frameworks";
				PRODUCT_BUNDLE_IDENTIFIER = yamaguppy.tk.Myokashi;
				PRODUCT_NAME = "$(TARGET_NAME)";
				SWIFT_VERSION = 3.0;
			};
			name = Debug;
		};
		CEEB3E6C1DFB25D0004A46EC /* Release */ = {
			isa = XCBuildConfiguration;
			buildSettings = {
				ASSETCATALOG_COMPILER_APPICON_NAME = AppIcon;
				DEVELOPMENT_TEAM = 6Z8MT7296D;
				INFOPLIST_FILE = Myokashi/Info.plist;
				LD_RUNPATH_SEARCH_PATHS = "$(inherited) @executable_path/Frameworks";
				PRODUCT_BUNDLE_IDENTIFIER = yamaguppy.tk.Myokashi;
				PRODUCT_NAME = "$(TARGET_NAME)";
				SWIFT_VERSION = 3.0;
			};
			name = Release;
		};
/* End XCBuildConfiguration section */

/* Begin XCConfigurationList section */
		CEEB3E531DFB25D0004A46EC /* Build configuration list for PBXProject "Myokashi" */ = {
			isa = XCConfigurationList;
			buildConfigurations = (
				CEEB3E681DFB25D0004A46EC /* Debug */,
				CEEB3E691DFB25D0004A46EC /* Release */,
			);
			defaultConfigurationIsVisible = 0;
			defaultConfigurationName = Release;
		};
		CEEB3E6A1DFB25D0004A46EC /* Build configuration list for PBXNativeTarget "Myokashi" */ = {
			isa = XCConfigurationList;
			buildConfigurations = (
				CEEB3E6B1DFB25D0004A46EC /* Debug */,
				CEEB3E6C1DFB25D0004A46EC /* Release */,
			);
			defaultConfigurationIsVisible = 0;
		};
/* End XCConfigurationList section */
	};
	rootObject = CEEB3E501DFB25D0004A46EC /* Project object */;
}
